{
  "name": "encoding-service-container",
  "version": "1.0.0",
  "lockfileVersion": 3,
  "requires": true,
  "packages": {
    "": {
      "name": "encoding-service-container",
      "version": "1.0.0",
      "dependencies": {
        "@hono/node-server": "^1.8.0",
        "fluent-ffmpeg": "^2.1.2",
        "hono": "^4.0.0",
        "uuid": "^9.0.1"
      },
      "engines": {
        "node": ">=18.0.0"
      }
    },
    "node_modules/@hono/node-server": {
      "version": "1.19.1",
      "resolved": "https://registry.npmjs.org/@hono/node-server/-/node-server-1.19.1.tgz",
      "integrity": "sha512-h44e5s+ByUriaRIbeS/C74O8v90m0A95luyYQGMF7KEn96KkYMXO7bZAwombzTpjQTU4e0TkU8U1WBIXlwuwtA==",
      "license": "MIT",
      "engines": {
        "node": ">=18.14.1"
      },
      "peerDependencies": {
        "hono": "^4"
      }
    },
    "node_modules/async": {
      "version": "0.2.10"
    },
    "node_modules/fluent-ffmpeg": {
      "version": "2.1.3",
      "license": "MIT",
      "dependencies": {
        "async": "^0.2.9",
        "which": "^1.1.1"
      },
      "engines": {
        "node": ">=18"
      }
    },
    "node_modules/hono": {
      "version": "4.9.6",
      "resolved": "https://registry.npmjs.org/hono/-/hono-4.9.6.tgz",
      "integrity": "sha512-doVjXhSFvYZ7y0dNokjwwSahcrAfdz+/BCLvAMa/vHLzjj8+CFyV5xteThGUsKdkaasgN+gF2mUxao+SGLpUeA==",
      "license": "MIT",
      "engines": {
        "node": ">=16.9.0"
      }
    },
    "node_modules/isexe": {
      "version": "2.0.0",
      "license": "ISC"
    },
    "node_modules/uuid": {
      "version": "9.0.1",
      "funding": [
        "https://github.com/sponsors/broofa",
        "https://github.com/sponsors/ctavan"
      ],
      "license": "MIT",
      "bin": {
        "uuid": "dist/bin/uuid"
      }
    },
    "node_modules/which": {
      "version": "1.3.1",
      "license": "ISC",
      "dependencies": {
        "isexe": "^2.0.0"
      },
      "bin": {
        "which": "bin/which"
      }
    }
  }
}
